<?xml version="1.0" encoding="utf-8"?>
<Project ToolsVersion="4.0" xmlns="http://schemas.microsoft.com/developer/msbuild/2003">
  <ItemGroup>
    <Filter Include="Spec">
      <UniqueIdentifier>{8f24c642-e5b6-4c69-aa60-7b82418470e5}</UniqueIdentifier>
    </Filter>
    <Filter Include="UI Common">
      <UniqueIdentifier>{02bede33-f05a-4c22-bff5-aab3ac24d50f}</UniqueIdentifier>
    </Filter>
    <Filter Include="Engine">
      <UniqueIdentifier>{1dc6466c-8a32-49c0-9bb6-abf29ecf3679}</UniqueIdentifier>
    </Filter>
    <Filter Include="FileManager">
      <UniqueIdentifier>{7e139117-f6f4-4cef-970c-b89636da03ed}</UniqueIdentifier>
    </Filter>
    <Filter Include="C">
      <UniqueIdentifier>{cc004ae9-b2cf-49b9-8a47-69e82e56a2e9}</UniqueIdentifier>
    </Filter>
    <Filter Include="Common">
      <UniqueIdentifier>{a5a7a0c5-94c3-456a-a638-e6d63fb25e58}</UniqueIdentifier>
    </Filter>
    <Filter Include="Windows">
      <UniqueIdentifier>{7f8a27dd-7d83-4817-a934-adb56979b60b}</UniqueIdentifier>
    </Filter>
    <Filter Include="Windows\Control">
      <UniqueIdentifier>{04181a0a-9f4c-471b-9b2c-57758868ffa1}</UniqueIdentifier>
    </Filter>
  </ItemGroup>
  <ItemGroup>
    <ClCompile Include="DllExports.cpp">
      <Filter>Spec</Filter>
    </ClCompile>
    <ClCompile Include="StdAfx.cpp">
      <Filter>Spec</Filter>
    </ClCompile>
    <ClCompile Include="..\Common\ArchiveName.cpp">
      <Filter>UI Common</Filter>
    </ClCompile>
    <ClCompile Include="..\Common\CompressCall.cpp">
      <Filter>UI Common</Filter>
    </ClCompile>
    <ClCompile Include="..\Common\ExtractingFilePath.cpp">
      <Filter>UI Common</Filter>
    </ClCompile>
    <ClCompile Include="..\Common\ZipRegistry.cpp">
      <Filter>UI Common</Filter>
    </ClCompile>
    <ClCompile Include="ContextMenu.cpp">
      <Filter>Engine</Filter>
    </ClCompile>
    <ClCompile Include="MyMessages.cpp">
      <Filter>Engine</Filter>
    </ClCompile>
    <ClCompile Include="..\FileManager\FormatUtils.cpp">
      <Filter>FileManager</Filter>
    </ClCompile>
    <ClCompile Include="..\FileManager\HelpUtils.cpp">
      <Filter>FileManager</Filter>
    </ClCompile>
    <ClCompile Include="..\FileManager\LangUtils.cpp">
      <Filter>FileManager</Filter>
    </ClCompile>
    <ClCompile Include="..\FileManager\ProgramLocation.cpp">
      <Filter>FileManager</Filter>
    </ClCompile>
    <ClCompile Include="..\FileManager\RegistryUtils.cpp">
      <Filter>FileManager</Filter>
    </ClCompile>
    <ClCompile Include="..\..\..\..\C\Threads.c">
      <Filter>C</Filter>
    </ClCompile>
    <ClCompile Include="..\..\..\Common\IntToString.cpp">
      <Filter>Common</Filter>
    </ClCompile>
    <ClCompile Include="..\..\..\Common\Lang.cpp">
      <Filter>Common</Filter>
    </ClCompile>
    <ClCompile Include="..\..\..\Common\MyString.cpp">
      <Filter>Common</Filter>
    </ClCompile>
    <ClCompile Include="..\..\..\Common\MyVector.cpp">
      <Filter>Common</Filter>
    </ClCompile>
    <ClCompile Include="..\..\..\Common\NewHandler.cpp">
      <Filter>Common</Filter>
    </ClCompile>
    <ClCompile Include="..\..\..\Common\Random.cpp">
      <Filter>Common</Filter>
    </ClCompile>
    <ClCompile Include="..\..\..\Common\StringConvert.cpp">
      <Filter>Common</Filter>
    </ClCompile>
    <ClCompile Include="..\..\..\Common\StringToInt.cpp">
      <Filter>Common</Filter>
    </ClCompile>
    <ClCompile Include="..\..\..\Common\TextConfig.cpp">
      <Filter>Common</Filter>
    </ClCompile>
    <ClCompile Include="..\..\..\Common\UTFConvert.cpp">
      <Filter>Common</Filter>
    </ClCompile>
    <ClCompile Include="..\..\..\Common\Wildcard.cpp">
      <Filter>Common</Filter>
    </ClCompile>
    <ClCompile Include="..\..\..\Windows\Control\Dialog.cpp">
      <Filter>Windows\Control</Filter>
    </ClCompile>
    <ClCompile Include="..\..\..\Windows\Control\ListView.cpp">
      <Filter>Windows\Control</Filter>
    </ClCompile>
    <ClCompile Include="..\..\..\Windows\Control\PropertyPage.cpp">
      <Filter>Windows\Control</Filter>
    </ClCompile>
    <ClCompile Include="..\..\..\Windows\DLL.cpp">
      <Filter>Windows</Filter>
    </ClCompile>
    <ClCompile Include="..\..\..\Windows\Error.cpp">
      <Filter>Windows</Filter>
    </ClCompile>
    <ClCompile Include="..\..\..\Windows\FileDir.cpp">
      <Filter>Windows</Filter>
    </ClCompile>
    <ClCompile Include="..\..\..\Windows\FileFind.cpp">
      <Filter>Windows</Filter>
    </ClCompile>
    <ClCompile Include="..\..\..\Windows\FileIO.cpp">
      <Filter>Windows</Filter>
    </ClCompile>
    <ClCompile Include="..\..\..\Windows\FileName.cpp">
      <Filter>Windows</Filter>
    </ClCompile>
    <ClCompile Include="..\..\..\Windows\Memory.cpp">
      <Filter>Windows</Filter>
    </ClCompile>
    <ClCompile Include="..\..\..\Windows\Menu.cpp">
      <Filter>Windows</Filter>
    </ClCompile>
    <ClCompile Include="..\..\..\Windows\Process.cpp">
      <Filter>Windows</Filter>
    </ClCompile>
    <ClCompile Include="..\..\..\Windows\Registry.cpp">
      <Filter>Windows</Filter>
    </ClCompile>
    <ClCompile Include="..\..\..\Windows\ResourceString.cpp">
      <Filter>Windows</Filter>
    </ClCompile>
    <ClCompile Include="..\..\..\Windows\Shell.cpp">
      <Filter>Windows</Filter>
    </ClCompile>
    <ClCompile Include="..\..\..\Windows\Window.cpp">
      <Filter>Windows</Filter>
    </ClCompile>
    <ClCompile Include="RegistryContextMenu.cpp" />
  </ItemGroup>
  <ItemGroup>
    <ClInclude Include="resource.h">
      <Filter>Spec</Filter>
    </ClInclude>
    <ClInclude Include="StdAfx.h">
      <Filter>Spec</Filter>
    </ClInclude>
    <ClInclude Include="..\Common\ArchiveName.h">
      <Filter>UI Common</Filter>
    </ClInclude>
    <ClInclude Include="..\Common\CompressCall.h">
      <Filter>UI Common</Filter>
    </ClInclude>
    <ClInclude Include="..\Common\ExtractingFilePath.h">
      <Filter>UI Common</Filter>
    </ClInclude>
    <ClInclude Include="..\Common\ZipRegistry.h">
      <Filter>UI Common</Filter>
    </ClInclude>
    <ClInclude Include="ContextMenu.h">
      <Filter>Engine</Filter>
    </ClInclude>
    <ClInclude Include="MyMessages.h">
      <Filter>Engine</Filter>
    </ClInclude>
    <ClInclude Include="..\FileManager\FormatUtils.h">
      <Filter>FileManager</Filter>
    </ClInclude>
    <ClInclude Include="..\FileManager\HelpUtils.h">
      <Filter>FileManager</Filter>
    </ClInclude>
    <ClInclude Include="..\FileManager\IFolder.h">
      <Filter>FileManager</Filter>
    </ClInclude>
    <ClInclude Include="..\FileManager\LangUtils.h">
      <Filter>FileManager</Filter>
    </ClInclude>
    <ClInclude Include="..\FileManager\ProgramLocation.h">
      <Filter>FileManager</Filter>
    </ClInclude>
    <ClInclude Include="..\FileManager\RegistryUtils.h">
      <Filter>FileManager</Filter>
    </ClInclude>
    <ClInclude Include="..\..\..\..\C\Threads.h">
      <Filter>C</Filter>
    </ClInclude>
    <ClInclude Include="..\..\..\Common\IntToString.h">
      <Filter>Common</Filter>
    </ClInclude>
    <ClInclude Include="..\..\..\Common\Lang.h">
      <Filter>Common</Filter>
    </ClInclude>
    <ClInclude Include="..\..\..\Common\MyCom.h">
      <Filter>Common</Filter>
    </ClInclude>
    <ClInclude Include="..\..\..\Common\MyString.h">
      <Filter>Common</Filter>
    </ClInclude>
    <ClInclude Include="..\..\..\Common\MyVector.h">
      <Filter>Common</Filter>
    </ClInclude>
    <ClInclude Include="..\..\..\Common\NewHandler.h">
      <Filter>Common</Filter>
    </ClInclude>
    <ClInclude Include="..\..\..\Common\Random.h">
      <Filter>Common</Filter>
    </ClInclude>
    <ClInclude Include="..\..\..\Common\StringConvert.h">
      <Filter>Common</Filter>
    </ClInclude>
    <ClInclude Include="..\..\..\Common\StringToInt.h">
      <Filter>Common</Filter>
    </ClInclude>
    <ClInclude Include="..\..\..\Common\TextConfig.h">
      <Filter>Common</Filter>
    </ClInclude>
    <ClInclude Include="..\..\..\Common\Types.h">
      <Filter>Common</Filter>
    </ClInclude>
    <ClInclude Include="..\..\..\Common\UTFConvert.h">
      <Filter>Common</Filter>
    </ClInclude>
    <ClInclude Include="..\..\..\Common\Wildcard.h">
      <Filter>Common</Filter>
    </ClInclude>
    <ClInclude Include="..\..\..\Windows\Control\Dialog.h">
      <Filter>Windows\Control</Filter>
    </ClInclude>
    <ClInclude Include="..\..\..\Windows\Control\ListView.h">
      <Filter>Windows\Control</Filter>
    </ClInclude>
    <ClInclude Include="..\..\..\Windows\Control\PropertyPage.h">
      <Filter>Windows\Control</Filter>
    </ClInclude>
    <ClInclude Include="..\..\..\Windows\DLL.h">
      <Filter>Windows</Filter>
    </ClInclude>
    <ClInclude Include="..\..\..\Windows\Error.h">
      <Filter>Windows</Filter>
    </ClInclude>
    <ClInclude Include="..\..\..\Windows\FileDir.h">
      <Filter>Windows</Filter>
    </ClInclude>
    <ClInclude Include="..\..\..\Windows\FileFind.h">
      <Filter>Windows</Filter>
    </ClInclude>
    <ClInclude Include="..\..\..\Windows\FileIO.h">
      <Filter>Windows</Filter>
    </ClInclude>
    <ClInclude Include="..\..\..\Windows\FileMapping.h">
      <Filter>Windows</Filter>
    </ClInclude>
    <ClInclude Include="..\..\..\Windows\FileName.h">
      <Filter>Windows</Filter>
    </ClInclude>
    <ClInclude Include="..\..\..\Windows\Memory.h">
      <Filter>Windows</Filter>
    </ClInclude>
    <ClInclude Include="..\..\..\Windows\Menu.h">
      <Filter>Windows</Filter>
    </ClInclude>
    <ClInclude Include="..\..\..\Windows\Process.h">
      <Filter>Windows</Filter>
    </ClInclude>
    <ClInclude Include="..\..\..\Windows\Registry.h">
      <Filter>Windows</Filter>
    </ClInclude>
    <ClInclude Include="..\..\..\Windows\ResourceString.h">
      <Filter>Windows</Filter>
    </ClInclude>
    <ClInclude Include="..\..\..\Windows\Shell.h">
      <Filter>Windows</Filter>
    </ClInclude>
    <ClInclude Include="..\..\..\Windows\Synchronization.h">
      <Filter>Windows</Filter>
    </ClInclude>
    <ClInclude Include="..\..\..\Windows\Window.h">
      <Filter>Windows</Filter>
    </ClInclude>
    <ClInclude Include="ContextMenuFlags.h" />
    <ClInclude Include="RegistryContextMenu.h" />
  </ItemGroup>
  <ItemGroup>
    <ResourceCompile Include="resource.rc">
      <Filter>Spec</Filter>
    </ResourceCompile>
  </ItemGroup>
  <ItemGroup>
    <Manifest Include="7-zip.dll.manifest" />
  </ItemGroup>
  <ItemGroup>
    <CustomBuild Include="Explorer.def">
      <Filter>Spec</Filter>
    </CustomBuild>
  </ItemGroup>
</Project>